// !$*UTF8*$!
{
	archiveVersion = 1;
	classes = {
	};
	objectVersion = 46;
	objects = {

/* Begin PBXBuildFile section */
		C4E4A5511E45063100B8B954 /* main.m in Sources */ = {isa = PBXBuildFile; fileRef = C4E4A5501E45063100B8B954 /* main.m */; };
		C4E4A5541E45063100B8B954 /* AppDelegate.m in Sources */ = {isa = PBXBuildFile; fileRef = C4E4A5531E45063100B8B954 /* AppDelegate.m */; };
		C4E4A5571E45063100B8B954 /* HomeViewController.m in Sources */ = {isa = PBXBuildFile; fileRef = C4E4A5561E45063100B8B954 /* HomeViewController.m */; };
		C4E4A55A1E45063100B8B954 /* Main.storyboard in Resources */ = {isa = PBXBuildFile; fileRef = C4E4A5581E45063100B8B954 /* Main.storyboard */; };
		C4E4A55C1E45063100B8B954 /* Assets.xcassets in Resources */ = {isa = PBXBuildFile; fileRef = C4E4A55B1E45063100B8B954 /* Assets.xcassets */; };
		C4E4A55F1E45063100B8B954 /* LaunchScreen.storyboard in Resources */ = {isa = PBXBuildFile; fileRef = C4E4A55D1E45063100B8B954 /* LaunchScreen.storyboard */; };
		C4E4A5681E4511EC00B8B954 /* Article.m in Sources */ = {isa = PBXBuildFile; fileRef = C4E4A5671E4511EC00B8B954 /* Article.m */; };
		C4E4A56B1E451AC600B8B954 /* ArticleTableViewCell.m in Sources */ = {isa = PBXBuildFile; fileRef = C4E4A56A1E451AC600B8B954 /* ArticleTableViewCell.m */; };
/* End PBXBuildFile section */

/* Begin PBXFileReference section */
		C4E4A54C1E45063100B8B954 /* Vesti.app */ = {isa = PBXFileReference; explicitFileType = wrapper.application; includeInIndex = 0; path = Vesti.app; sourceTree = BUILT_PRODUCTS_DIR; };
		C4E4A5501E45063100B8B954 /* main.m */ = {isa = PBXFileReference; lastKnownFileType = sourcecode.c.objc; path = main.m; sourceTree = "<group>"; };
		C4E4A5521E45063100B8B954 /* AppDelegate.h */ = {isa = PBXFileReference; lastKnownFileType = sourcecode.c.h; path = AppDelegate.h; sourceTree = "<group>"; };
		C4E4A5531E45063100B8B954 /* AppDelegate.m */ = {isa = PBXFileReference; lastKnownFileType = sourcecode.c.objc; path = AppDelegate.m; sourceTree = "<group>"; };
		C4E4A5551E45063100B8B954 /* HomeViewController.h */ = {isa = PBXFileReference; lastKnownFileType = sourcecode.c.h; path = HomeViewController.h; sourceTree = "<group>"; };
		C4E4A5561E45063100B8B954 /* HomeViewController.m */ = {isa = PBXFileReference; lastKnownFileType = sourcecode.c.objc; path = HomeViewController.m; sourceTree = "<group>"; };
		C4E4A5591E45063100B8B954 /* Base */ = {isa = PBXFileReference; lastKnownFileType = file.storyboard; name = Base; path = Base.lproj/Main.storyboard; sourceTree = "<group>"; };
		C4E4A55B1E45063100B8B954 /* Assets.xcassets */ = {isa = PBXFileReference; lastKnownFileType = folder.assetcatalog; path = Assets.xcassets; sourceTree = "<group>"; };
		C4E4A55E1E45063100B8B954 /* Base */ = {isa = PBXFileReference; lastKnownFileType = file.storyboard; name = Base; path = Base.lproj/LaunchScreen.storyboard; sourceTree = "<group>"; };
		C4E4A5601E45063100B8B954 /* Info.plist */ = {isa = PBXFileReference; lastKnownFileType = text.plist.xml; path = Info.plist; sourceTree = "<group>"; };
		C4E4A5661E4511EC00B8B954 /* Article.h */ = {isa = PBXFileReference; fileEncoding = 4; lastKnownFileType = sourcecode.c.h; path = Article.h; sourceTree = "<group>"; };
		C4E4A5671E4511EC00B8B954 /* Article.m */ = {isa = PBXFileReference; fileEncoding = 4; lastKnownFileType = sourcecode.c.objc; path = Article.m; sourceTree = "<group>"; };
		C4E4A5691E451AC600B8B954 /* ArticleTableViewCell.h */ = {isa = PBXFileReference; fileEncoding = 4; lastKnownFileType = sourcecode.c.h; path = ArticleTableViewCell.h; sourceTree = "<group>"; };
		C4E4A56A1E451AC600B8B954 /* ArticleTableViewCell.m */ = {isa = PBXFileReference; fileEncoding = 4; lastKnownFileType = sourcecode.c.objc; path = ArticleTableViewCell.m; sourceTree = "<group>"; };
/* End PBXFileReference section */

/* Begin PBXFrameworksBuildPhase section */
		C4E4A5491E45063100B8B954 /* Frameworks */ = {
			isa = PBXFrameworksBuildPhase;
			buildActionMask = 2147483647;
			files = (
			);
			runOnlyForDeploymentPostprocessing = 0;
		};
/* End PBXFrameworksBuildPhase section */

/* Begin PBXGroup section */
		C4E4A5431E45063100B8B954 = {
			isa = PBXGroup;
			children = (
				C4E4A54E1E45063100B8B954 /* Vesti */,
				C4E4A54D1E45063100B8B954 /* Products */,
			);
			sourceTree = "<group>";
		};
		C4E4A54D1E45063100B8B954 /* Products */ = {
			isa = PBXGroup;
			children = (
				C4E4A54C1E45063100B8B954 /* Vesti.app */,
			);
			name = Products;
			sourceTree = "<group>";
		};
		C4E4A54E1E45063100B8B954 /* Vesti */ = {
			isa = PBXGroup;
			children = (
				C4E4A5521E45063100B8B954 /* AppDelegate.h */,
				C4E4A5531E45063100B8B954 /* AppDelegate.m */,
				C4E4A5551E45063100B8B954 /* HomeViewController.h */,
				C4E4A5561E45063100B8B954 /* HomeViewController.m */,
				C4E4A5661E4511EC00B8B954 /* Article.h */,
				C4E4A5671E4511EC00B8B954 /* Article.m */,
				C4E4A5691E451AC600B8B954 /* ArticleTableViewCell.h */,
				C4E4A56A1E451AC600B8B954 /* ArticleTableViewCell.m */,
				C4E4A5581E45063100B8B954 /* Main.storyboard */,
				C4E4A55B1E45063100B8B954 /* Assets.xcassets */,
				C4E4A55D1E45063100B8B954 /* LaunchScreen.storyboard */,
				C4E4A5601E45063100B8B954 /* Info.plist */,
				C4E4A54F1E45063100B8B954 /* Supporting Files */,
			);
			path = Vesti;
			sourceTree = "<group>";
		};
		C4E4A54F1E45063100B8B954 /* Supporting Files */ = {
			isa = PBXGroup;
			children = (
				C4E4A5501E45063100B8B954 /* main.m */,
			);
			name = "Supporting Files";
			sourceTree = "<group>";
		};
/* End PBXGroup section */

/* Begin PBXNativeTarget section */
		C4E4A54B1E45063100B8B954 /* Vesti */ = {
			isa = PBXNativeTarget;
			buildConfigurationList = C4E4A5631E45063100B8B954 /* Build configuration list for PBXNativeTarget "Vesti" */;
			buildPhases = (
				C4E4A5481E45063100B8B954 /* Sources */,
				C4E4A5491E45063100B8B954 /* Frameworks */,
				C4E4A54A1E45063100B8B954 /* Resources */,
			);
			buildRules = (
			);
			dependencies = (
			);
			name = Vesti;
			productName = Vesti;
			productReference = C4E4A54C1E45063100B8B954 /* Vesti.app */;
			productType = "com.apple.product-type.application";
		};
/* End PBXNativeTarget section */

/* Begin PBXProject section */
		C4E4A5441E45063100B8B954 /* Project object */ = {
			isa = PBXProject;
			attributes = {
				LastUpgradeCheck = 0820;
				ORGANIZATIONNAME = "Djuro Alfirevic";
				TargetAttributes = {
					C4E4A54B1E45063100B8B954 = {
						CreatedOnToolsVersion = 8.2.1;
						ProvisioningStyle = Automatic;
					};
				};
			};
			buildConfigurationList = C4E4A5471E45063100B8B954 /* Build configuration list for PBXProject "Vesti" */;
			compatibilityVersion = "Xcode 3.2";
			developmentRegion = English;
			hasScannedForEncodings = 0;
			knownRegions = (
				en,
				Base,
			);
			mainGroup = C4E4A5431E45063100B8B954;
			productRefGroup = C4E4A54D1E45063100B8B954 /* Products */;
			projectDirPath = "";
			projectRoot = "";
			targets = (
				C4E4A54B1E45063100B8B954 /* Vesti */,
			);
		};
/* End PBXProject section */

/* Begin PBXResourcesBuildPhase section */
		C4E4A54A1E45063100B8B954 /* Resources */ = {
			isa = PBXResourcesBuildPhase;
			buildActionMask = 2147483647;
			files = (
				C4E4A55F1E45063100B8B954 /* LaunchScreen.storyboard in Resources */,
				C4E4A55C1E45063100B8B954 /* Assets.xcassets in Resources */,
				C4E4A55A1E45063100B8B954 /* Main.storyboard in Resources */,
			);
			runOnlyForDeploymentPostprocessing = 0;
		};
/* End PBXResourcesBuildPhase section */

/* Begin PBXSourcesBuildPhase section */
		C4E4A5481E45063100B8B954 /* Sources */ = {
			isa = PBXSourcesBuildPhase;
			buildActionMask = 2147483647;
			files = (
				C4E4A5681E4511EC00B8B954 /* Article.m in Sources */,
				C4E4A5571E45063100B8B954 /* HomeViewController.m in Sources */,
				C4E4A5541E45063100B8B954 /* AppDelegate.m in Sources */,
				C4E4A56B1E451AC600B8B954 /* ArticleTableViewCell.m in Sources */,
				C4E4A5511E45063100B8B954 /* main.m in Sources */,
			);
			runOnlyForDeploymentPostprocessing = 0;
		};
/* End PBXSourcesBuildPhase section */

/* Begin PBXVariantGroup section */
		C4E4A5581E45063100B8B954 /* Main.storyboard */ = {
			isa = PBXVariantGroup;
			children = (
				C4E4A5591E45063100B8B954 /* Base */,
			);
			name = Main.storyboard;
			sourceTree = "<group>";
		};
		C4E4A55D1E45063100B8B954 /* LaunchScreen.storyboard */ = {
			isa = PBXVariantGroup;
			children = (
				C4E4A55E1E45063100B8B954 /* Base */,
			);
			name = LaunchScreen.storyboard;
			sourceTree = "<group>";
		};
/* End PBXVariantGroup section */

/* Begin XCBuildConfiguration section */
		C4E4A5611E45063100B8B954 /* Debug */ = {
			isa = XCBuildConfiguration;
			buildSettings = {
				ALWAYS_SEARCH_USER_PATHS = NO;
				CLANG_ANALYZER_NONNULL = YES;
				CLANG_CXX_LANGUAGE_STANDARD = "gnu++0x";
				CLANG_CXX_LIBRARY = "libc++";
				CLANG_ENABLE_MODULES = YES;
				CLANG_ENABLE_OBJC_ARC = YES;
				CLANG_WARN_BOOL_CONVERSION = YES;
				CLANG_WARN_CONSTANT_CONVERSION = YES;
				CLANG_WARN_DIRECT_OBJC_ISA_USAGE = YES_ERROR;
				CLANG_WARN_DOCUMENTATION_COMMENTS = YES;
				CLANG_WARN_EMPTY_BODY = YES;
				CLANG_WARN_ENUM_CONVERSION = YES;
				CLANG_WARN_INFINITE_RECURSION = YES;
				CLANG_WARN_INT_CONVERSION = YES;
				CLANG_WARN_OBJC_ROOT_CLASS = YES_ERROR;
				CLANG_WARN_SUSPICIOUS_MOVE = YES;
				CLANG_WARN_UNREACHABLE_CODE = YES;
				CLANG_WARN__DUPLICATE_METHOD_MATCH = YES;
				"CODE_SIGN_IDENTITY[sdk=iphoneos*]" = "iPhone Developer";
				COPY_PHASE_STRIP = NO;
				DEBUG_INFORMATION_FORMAT = dwarf;
				ENABLE_STRICT_OBJC_MSGSEND = YES;
				ENABLE_TESTABILITY = YES;
				GCC_C_LANGUAGE_STANDARD = gnu99;
				GCC_DYNAMIC_NO_PIC = NO;
				GCC_NO_COMMON_BLOCKS = YES;
				GCC_OPTIMIZATION_LEVEL = 0;
				GCC_PREPROCESSOR_DEFINITIONS = (
					"DEBUG=1",
					"$(inherited)",
				);
				GCC_WARN_64_TO_32_BIT_CONVERSION = YES;
				GCC_WARN_ABOUT_RETURN_TYPE = YES_ERROR;
				GCC_WARN_UNDECLARED_SELECTOR = YES;
				GCC_WARN_UNINITIALIZED_AUTOS = YES_AGGRESSIVE;
				GCC_WARN_UNUSED_FUNCTION = YES;
				GCC_WARN_UNUSED_VARIABLE = YES;
				IPHONEOS_DEPLOYMENT_TARGET = 10.2;
				MTL_ENABLE_DEBUG_INFO = YES;
				ONLY_ACTIVE_ARCH = YES;
				SDKROOT = iphoneos;
				TARGETED_DEVICE_FAMILY = "1,2";
			};
			name = Debug;
		};
		C4E4A5621E45063100B8B954 /* Release */ = {
			isa = XCBuildConfiguration;
			buildSettings = {
				ALWAYS_SEARCH_USER_PATHS = NO;
				CLANG_ANALYZER_NONNULL = YES;
				CLANG_CXX_LANGUAGE_STANDARD = "gnu++0x";
				CLANG_CXX_LIBRARY = "libc++";
				CLANG_ENABLE_MODULES = YES;
				CLANG_ENABLE_OBJC_ARC = YES;
				CLANG_WARN_BOOL_CONVERSION = YES;
				CLANG_WARN_CONSTANT_CONVERSION = YES;
				CLANG_WARN_DIRECT_OBJC_ISA_USAGE = YES_ERROR;
				CLANG_WARN_DOCUMENTATION_COMMENTS = YES;
				CLANG_WARN_EMPTY_BODY = YES;
				CLANG_WARN_ENUM_CONVERSION = YES;
				CLANG_WARN_INFINITE_RECURSION = YES;
				CLANG_WARN_INT_CONVERSION = YES;
				CLANG_WARN_OBJC_ROOT_CLASS = YES_ERROR;
				CLANG_WARN_SUSPICIOUS_MOVE = YES;
				CLANG_WARN_UNREACHABLE_CODE = YES;
				CLANG_WARN__DUPLICATE_METHOD_MATCH = YES;
				"CODE_SIGN_IDENTITY[sdk=iphoneos*]" = "iPhone Developer";
				COPY_PHASE_STRIP = NO;
				DEBUG_INFORMATION_FORMAT = "dwarf-with-dsym";
				ENABLE_NS_ASSERTIONS = NO;
				ENABLE_STRICT_OBJC_MSGSEND = YES;
				GCC_C_LANGUAGE_STANDARD = gnu99;
				GCC_NO_COMMON_BLOCKS = YES;
				GCC_WARN_64_TO_32_BIT_CONVERSION = YES;
				GCC_WARN_ABOUT_RETURN_TYPE = YES_ERROR;
				GCC_WARN_UNDECLARED_SELECTOR = YES;
				GCC_WARN_UNINITIALIZED_AUTOS = YES_AGGRESSIVE;
				GCC_WARN_UNUSED_FUNCTION = YES;
				GCC_WARN_UNUSED_VARIABLE = YES;
				IPHONEOS_DEPLOYMENT_TARGET = 10.2;
				MTL_ENABLE_DEBUG_INFO = NO;
				SDKROOT = iphoneos;
				TARGETED_DEVICE_FAMILY = "1,2";
				VALIDATE_PRODUCT = YES;
			};
			name = Release;
		};
		C4E4A5641E45063100B8B954 /* Debug */ = {
			isa = XCBuildConfiguration;
			buildSettings = {
				ASSETCATALOG_COMPILER_APPICON_NAME = AppIcon;
				INFOPLIST_FILE = Vesti/Info.plist;
				LD_RUNPATH_SEARCH_PATHS = "$(inherited) @executable_path/Frameworks";
				PRODUCT_BUNDLE_IDENTIFIER = rs.sistemi.Vesti;
				PRODUCT_NAME = "$(TARGET_NAME)";
			};
			name = Debug;
		};
		C4E4A5651E45063100B8B954 /* Release */ = {
			isa = XCBuildConfiguration;
			buildSettings = {
				ASSETCATALOG_COMPILER_APPICON_NAME = AppIcon;
				INFOPLIST_FILE = Vesti/Info.plist;
				LD_RUNPATH_SEARCH_PATHS = "$(inherited) @executable_path/Frameworks";
				PRODUCT_BUNDLE_IDENTIFIER = rs.sistemi.Vesti;
				PRODUCT_NAME = "$(TARGET_NAME)";
			};
			name = Release;
		};
/* End XCBuildConfiguration section */

/* Begin XCConfigurationList section */
		C4E4A5471E45063100B8B954 /* Build configuration list for PBXProject "Vesti" */ = {
			isa = XCConfigurationList;
			buildConfigurations = (
				C4E4A5611E45063100B8B954 /* Debug */,
				C4E4A5621E45063100B8B954 /* Release */,
			);
			defaultConfigurationIsVisible = 0;
			defaultConfigurationName = Release;
		};
		C4E4A5631E45063100B8B954 /* Build configuration list for PBXNativeTarget "Vesti" */ = {
			isa = XCConfigurationList;
			buildConfigurations = (
				C4E4A5641E45063100B8B954 /* Debug */,
				C4E4A5651E45063100B8B954 /* Release */,
			);
			defaultConfigurationIsVisible = 0;
		};
/* End XCConfigurationList section */
	};
	rootObject = C4E4A5441E45063100B8B954 /* Project object */;
}
