// !$*UTF8*$!
{
	archiveVersion = 1;
	classes = {
	};
	objectVersion = 46;
	objects = {

/* Begin PBXBuildFile section */
		C436DC5F1E6A02DE0090454C /* DBTask+Utilities.m in Sources */ = {isa = PBXBuildFile; fileRef = C436DC5E1E6A02DE0090454C /* DBTask+Utilities.m */; };
		C444170B1E54C54800A0D3BE /* Helpers.m in Sources */ = {isa = PBXBuildFile; fileRef = C444170A1E54C54800A0D3BE /* Helpers.m */; };
		C445CC811E01BDD7005A0825 /* main.m in Sources */ = {isa = PBXBuildFile; fileRef = C445CC801E01BDD7005A0825 /* main.m */; };
		C445CC841E01BDD7005A0825 /* AppDelegate.m in Sources */ = {isa = PBXBuildFile; fileRef = C445CC831E01BDD7005A0825 /* AppDelegate.m */; };
		C445CC8A1E01BDD7005A0825 /* Main.storyboard in Resources */ = {isa = PBXBuildFile; fileRef = C445CC881E01BDD7005A0825 /* Main.storyboard */; };
		C445CC8C1E01BDD7005A0825 /* Assets.xcassets in Resources */ = {isa = PBXBuildFile; fileRef = C445CC8B1E01BDD7005A0825 /* Assets.xcassets */; };
		C445CC8F1E01BDD7005A0825 /* LaunchScreen.storyboard in Resources */ = {isa = PBXBuildFile; fileRef = C445CC8D1E01BDD7005A0825 /* LaunchScreen.storyboard */; };
		C445CC981E01CA84005A0825 /* LoginViewController.m in Sources */ = {isa = PBXBuildFile; fileRef = C445CC971E01CA84005A0825 /* LoginViewController.m */; };
		C45378591E708FFD00FED9FC /* UIViewController+Utilities.m in Sources */ = {isa = PBXBuildFile; fileRef = C45378581E708FFD00FED9FC /* UIViewController+Utilities.m */; };
		C466A0B31E5E1E1300B05805 /* TaskViewController.m in Sources */ = {isa = PBXBuildFile; fileRef = C466A0B21E5E1E1300B05805 /* TaskViewController.m */; };
		C47366CD1E4F0FB0003B50E0 /* HomeViewController.m in Sources */ = {isa = PBXBuildFile; fileRef = C47366CC1E4F0FB0003B50E0 /* HomeViewController.m */; };
		C49581C21E16D11500B75E1D /* SignUpViewController.m in Sources */ = {isa = PBXBuildFile; fileRef = C49581C11E16D11500B75E1D /* SignUpViewController.m */; };
		C4B190111E674DA4000DD274 /* User.m in Sources */ = {isa = PBXBuildFile; fileRef = C4B190101E674DA4000DD274 /* User.m */; };
		C4BECFA61E617A8D00E44C88 /* CoreLocation.framework in Frameworks */ = {isa = PBXBuildFile; fileRef = C4BECFA51E617A8D00E44C88 /* CoreLocation.framework */; };
		C4BECFA91E61832600E44C88 /* DataManager.m in Sources */ = {isa = PBXBuildFile; fileRef = C4BECFA81E61832600E44C88 /* DataManager.m */; };
		C4BECFAB1E6189F000E44C88 /* Sistemi, Serbia.gpx in Resources */ = {isa = PBXBuildFile; fileRef = C4BECFAA1E6189F000E44C88 /* Sistemi, Serbia.gpx */; };
		C4D93E6B1E60B3F700363C35 /* MapKit.framework in Frameworks */ = {isa = PBXBuildFile; fileRef = C4D93E6A1E60B3F700363C35 /* MapKit.framework */; };
		C4E41BB31E57857B00288648 /* DateCollectionViewCell.m in Sources */ = {isa = PBXBuildFile; fileRef = C4E41BB21E57857B00288648 /* DateCollectionViewCell.m */; };
		C4EB6C541E69E56B00FF3A27 /* ToDo.xcdatamodeld in Sources */ = {isa = PBXBuildFile; fileRef = C4EB6C521E69E56B00FF3A27 /* ToDo.xcdatamodeld */; };
		C4EB6C821E69EC9400FF3A27 /* CoreData.framework in Frameworks */ = {isa = PBXBuildFile; fileRef = C4EB6C811E69EC9400FF3A27 /* CoreData.framework */; };
		C4EB6C851E69F8F900FF3A27 /* TaskTableViewCell.m in Sources */ = {isa = PBXBuildFile; fileRef = C4EB6C841E69F8F900FF3A27 /* TaskTableViewCell.m */; };
/* End PBXBuildFile section */

/* Begin PBXFileReference section */
		C436DC5D1E6A02DE0090454C /* DBTask+Utilities.h */ = {isa = PBXFileReference; fileEncoding = 4; lastKnownFileType = sourcecode.c.h; path = "DBTask+Utilities.h"; sourceTree = "<group>"; };
		C436DC5E1E6A02DE0090454C /* DBTask+Utilities.m */ = {isa = PBXFileReference; fileEncoding = 4; lastKnownFileType = sourcecode.c.objc; path = "DBTask+Utilities.m"; sourceTree = "<group>"; };
		C44417091E54C54800A0D3BE /* Helpers.h */ = {isa = PBXFileReference; fileEncoding = 4; lastKnownFileType = sourcecode.c.h; path = Helpers.h; sourceTree = "<group>"; };
		C444170A1E54C54800A0D3BE /* Helpers.m */ = {isa = PBXFileReference; fileEncoding = 4; lastKnownFileType = sourcecode.c.objc; path = Helpers.m; sourceTree = "<group>"; };
		C445CC7C1E01BDD7005A0825 /* ToDo.app */ = {isa = PBXFileReference; explicitFileType = wrapper.application; includeInIndex = 0; path = ToDo.app; sourceTree = BUILT_PRODUCTS_DIR; };
		C445CC801E01BDD7005A0825 /* main.m */ = {isa = PBXFileReference; lastKnownFileType = sourcecode.c.objc; path = main.m; sourceTree = "<group>"; };
		C445CC821E01BDD7005A0825 /* AppDelegate.h */ = {isa = PBXFileReference; lastKnownFileType = sourcecode.c.h; path = AppDelegate.h; sourceTree = "<group>"; };
		C445CC831E01BDD7005A0825 /* AppDelegate.m */ = {isa = PBXFileReference; lastKnownFileType = sourcecode.c.objc; path = AppDelegate.m; sourceTree = "<group>"; };
		C445CC891E01BDD7005A0825 /* Base */ = {isa = PBXFileReference; lastKnownFileType = file.storyboard; name = Base; path = Base.lproj/Main.storyboard; sourceTree = "<group>"; };
		C445CC8B1E01BDD7005A0825 /* Assets.xcassets */ = {isa = PBXFileReference; lastKnownFileType = folder.assetcatalog; path = Assets.xcassets; sourceTree = "<group>"; };
		C445CC8E1E01BDD7005A0825 /* Base */ = {isa = PBXFileReference; lastKnownFileType = file.storyboard; name = Base; path = Base.lproj/LaunchScreen.storyboard; sourceTree = "<group>"; };
		C445CC901E01BDD7005A0825 /* Info.plist */ = {isa = PBXFileReference; lastKnownFileType = text.plist.xml; path = Info.plist; sourceTree = "<group>"; };
		C445CC961E01CA84005A0825 /* LoginViewController.h */ = {isa = PBXFileReference; fileEncoding = 4; lastKnownFileType = sourcecode.c.h; path = LoginViewController.h; sourceTree = "<group>"; };
		C445CC971E01CA84005A0825 /* LoginViewController.m */ = {isa = PBXFileReference; fileEncoding = 4; lastKnownFileType = sourcecode.c.objc; path = LoginViewController.m; sourceTree = "<group>"; };
		C45378571E708FFD00FED9FC /* UIViewController+Utilities.h */ = {isa = PBXFileReference; fileEncoding = 4; lastKnownFileType = sourcecode.c.h; path = "UIViewController+Utilities.h"; sourceTree = "<group>"; };
		C45378581E708FFD00FED9FC /* UIViewController+Utilities.m */ = {isa = PBXFileReference; fileEncoding = 4; lastKnownFileType = sourcecode.c.objc; path = "UIViewController+Utilities.m"; sourceTree = "<group>"; };
		C466A0B11E5E1E1300B05805 /* TaskViewController.h */ = {isa = PBXFileReference; fileEncoding = 4; lastKnownFileType = sourcecode.c.h; path = TaskViewController.h; sourceTree = "<group>"; };
		C466A0B21E5E1E1300B05805 /* TaskViewController.m */ = {isa = PBXFileReference; fileEncoding = 4; lastKnownFileType = sourcecode.c.objc; path = TaskViewController.m; sourceTree = "<group>"; };
		C47366CB1E4F0FB0003B50E0 /* HomeViewController.h */ = {isa = PBXFileReference; fileEncoding = 4; lastKnownFileType = sourcecode.c.h; path = HomeViewController.h; sourceTree = "<group>"; };
		C47366CC1E4F0FB0003B50E0 /* HomeViewController.m */ = {isa = PBXFileReference; fileEncoding = 4; lastKnownFileType = sourcecode.c.objc; path = HomeViewController.m; sourceTree = "<group>"; };
		C49581C01E16D11500B75E1D /* SignUpViewController.h */ = {isa = PBXFileReference; fileEncoding = 4; lastKnownFileType = sourcecode.c.h; path = SignUpViewController.h; sourceTree = "<group>"; };
		C49581C11E16D11500B75E1D /* SignUpViewController.m */ = {isa = PBXFileReference; fileEncoding = 4; lastKnownFileType = sourcecode.c.objc; path = SignUpViewController.m; sourceTree = "<group>"; };
		C4B1900F1E674DA4000DD274 /* User.h */ = {isa = PBXFileReference; fileEncoding = 4; lastKnownFileType = sourcecode.c.h; path = User.h; sourceTree = "<group>"; };
		C4B190101E674DA4000DD274 /* User.m */ = {isa = PBXFileReference; fileEncoding = 4; lastKnownFileType = sourcecode.c.objc; path = User.m; sourceTree = "<group>"; };
		C4BECFA51E617A8D00E44C88 /* CoreLocation.framework */ = {isa = PBXFileReference; lastKnownFileType = wrapper.framework; name = CoreLocation.framework; path = System/Library/Frameworks/CoreLocation.framework; sourceTree = SDKROOT; };
		C4BECFA71E61832600E44C88 /* DataManager.h */ = {isa = PBXFileReference; fileEncoding = 4; lastKnownFileType = sourcecode.c.h; path = DataManager.h; sourceTree = "<group>"; };
		C4BECFA81E61832600E44C88 /* DataManager.m */ = {isa = PBXFileReference; fileEncoding = 4; lastKnownFileType = sourcecode.c.objc; path = DataManager.m; sourceTree = "<group>"; };
		C4BECFAA1E6189F000E44C88 /* Sistemi, Serbia.gpx */ = {isa = PBXFileReference; fileEncoding = 4; lastKnownFileType = text.xml; path = "Sistemi, Serbia.gpx"; sourceTree = "<group>"; };
		C4D93E6A1E60B3F700363C35 /* MapKit.framework */ = {isa = PBXFileReference; lastKnownFileType = wrapper.framework; name = MapKit.framework; path = System/Library/Frameworks/MapKit.framework; sourceTree = SDKROOT; };
		C4D93E6C1E60B70B00363C35 /* Constants.h */ = {isa = PBXFileReference; lastKnownFileType = sourcecode.c.h; path = Constants.h; sourceTree = "<group>"; };
		C4D93E6D1E60B86B00363C35 /* PrefixHeader.pch */ = {isa = PBXFileReference; fileEncoding = 4; lastKnownFileType = sourcecode.c.h; path = PrefixHeader.pch; sourceTree = "<group>"; };
		C4E41BB11E57857B00288648 /* DateCollectionViewCell.h */ = {isa = PBXFileReference; fileEncoding = 4; lastKnownFileType = sourcecode.c.h; path = DateCollectionViewCell.h; sourceTree = "<group>"; };
		C4E41BB21E57857B00288648 /* DateCollectionViewCell.m */ = {isa = PBXFileReference; fileEncoding = 4; lastKnownFileType = sourcecode.c.objc; path = DateCollectionViewCell.m; sourceTree = "<group>"; };
		C4EB6C531E69E56B00FF3A27 /* ToDo.xcdatamodel */ = {isa = PBXFileReference; lastKnownFileType = wrapper.xcdatamodel; path = ToDo.xcdatamodel; sourceTree = "<group>"; };
		C4EB6C811E69EC9400FF3A27 /* CoreData.framework */ = {isa = PBXFileReference; lastKnownFileType = wrapper.framework; name = CoreData.framework; path = System/Library/Frameworks/CoreData.framework; sourceTree = SDKROOT; };
		C4EB6C831E69F8F900FF3A27 /* TaskTableViewCell.h */ = {isa = PBXFileReference; fileEncoding = 4; lastKnownFileType = sourcecode.c.h; path = TaskTableViewCell.h; sourceTree = "<group>"; };
		C4EB6C841E69F8F900FF3A27 /* TaskTableViewCell.m */ = {isa = PBXFileReference; fileEncoding = 4; lastKnownFileType = sourcecode.c.objc; path = TaskTableViewCell.m; sourceTree = "<group>"; };
/* End PBXFileReference section */

/* Begin PBXFrameworksBuildPhase section */
		C445CC791E01BDD7005A0825 /* Frameworks */ = {
			isa = PBXFrameworksBuildPhase;
			buildActionMask = 2147483647;
			files = (
				C4EB6C821E69EC9400FF3A27 /* CoreData.framework in Frameworks */,
				C4BECFA61E617A8D00E44C88 /* CoreLocation.framework in Frameworks */,
				C4D93E6B1E60B3F700363C35 /* MapKit.framework in Frameworks */,
			);
			runOnlyForDeploymentPostprocessing = 0;
		};
/* End PBXFrameworksBuildPhase section */

/* Begin PBXGroup section */
		C445CC731E01BDD7005A0825 = {
			isa = PBXGroup;
			children = (
				C445CC7E1E01BDD7005A0825 /* ToDo */,
				C4D93E691E60B3F700363C35 /* Frameworks */,
				C445CC7D1E01BDD7005A0825 /* Products */,
			);
			sourceTree = "<group>";
		};
		C445CC7D1E01BDD7005A0825 /* Products */ = {
			isa = PBXGroup;
			children = (
				C445CC7C1E01BDD7005A0825 /* ToDo.app */,
			);
			name = Products;
			sourceTree = "<group>";
		};
		C445CC7E1E01BDD7005A0825 /* ToDo */ = {
			isa = PBXGroup;
			children = (
				C4B1900E1E674CFA000DD274 /* Models */,
				C4E41BB01E57853600288648 /* Cells */,
				C4E41BAD1E57848300288648 /* View Controllers */,
				C4E41BAE1E5784A600288648 /* Utilities */,
				C4E41BAF1E5784D900288648 /* Storyboards */,
				C445CC7F1E01BDD7005A0825 /* Supporting Files */,
			);
			path = ToDo;
			sourceTree = "<group>";
		};
		C445CC7F1E01BDD7005A0825 /* Supporting Files */ = {
			isa = PBXGroup;
			children = (
				C4E41BAC1E5783E500288648 /* Application Delegate */,
				C445CC8B1E01BDD7005A0825 /* Assets.xcassets */,
				C445CC901E01BDD7005A0825 /* Info.plist */,
				C445CC801E01BDD7005A0825 /* main.m */,
				C4D93E6D1E60B86B00363C35 /* PrefixHeader.pch */,
				C4BECFAA1E6189F000E44C88 /* Sistemi, Serbia.gpx */,
			);
			name = "Supporting Files";
			sourceTree = "<group>";
		};
		C4B1900E1E674CFA000DD274 /* Models */ = {
			isa = PBXGroup;
			children = (
				C4EB6C521E69E56B00FF3A27 /* ToDo.xcdatamodeld */,
				C4B1900F1E674DA4000DD274 /* User.h */,
				C4B190101E674DA4000DD274 /* User.m */,
				C436DC5D1E6A02DE0090454C /* DBTask+Utilities.h */,
				C436DC5E1E6A02DE0090454C /* DBTask+Utilities.m */,
			);
			name = Models;
			sourceTree = "<group>";
		};
		C4D93E691E60B3F700363C35 /* Frameworks */ = {
			isa = PBXGroup;
			children = (
				C4EB6C811E69EC9400FF3A27 /* CoreData.framework */,
				C4BECFA51E617A8D00E44C88 /* CoreLocation.framework */,
				C4D93E6A1E60B3F700363C35 /* MapKit.framework */,
			);
			name = Frameworks;
			sourceTree = "<group>";
		};
		C4E41BAC1E5783E500288648 /* Application Delegate */ = {
			isa = PBXGroup;
			children = (
				C445CC821E01BDD7005A0825 /* AppDelegate.h */,
				C445CC831E01BDD7005A0825 /* AppDelegate.m */,
			);
			name = "Application Delegate";
			sourceTree = "<group>";
		};
		C4E41BAD1E57848300288648 /* View Controllers */ = {
			isa = PBXGroup;
			children = (
				C445CC961E01CA84005A0825 /* LoginViewController.h */,
				C445CC971E01CA84005A0825 /* LoginViewController.m */,
				C49581C01E16D11500B75E1D /* SignUpViewController.h */,
				C49581C11E16D11500B75E1D /* SignUpViewController.m */,
				C47366CB1E4F0FB0003B50E0 /* HomeViewController.h */,
				C47366CC1E4F0FB0003B50E0 /* HomeViewController.m */,
				C466A0B11E5E1E1300B05805 /* TaskViewController.h */,
				C466A0B21E5E1E1300B05805 /* TaskViewController.m */,
			);
			name = "View Controllers";
			sourceTree = "<group>";
		};
		C4E41BAE1E5784A600288648 /* Utilities */ = {
			isa = PBXGroup;
			children = (
				C4D93E6C1E60B70B00363C35 /* Constants.h */,
				C44417091E54C54800A0D3BE /* Helpers.h */,
				C444170A1E54C54800A0D3BE /* Helpers.m */,
				C4BECFA71E61832600E44C88 /* DataManager.h */,
				C4BECFA81E61832600E44C88 /* DataManager.m */,
				C45378571E708FFD00FED9FC /* UIViewController+Utilities.h */,
				C45378581E708FFD00FED9FC /* UIViewController+Utilities.m */,
			);
			name = Utilities;
			sourceTree = "<group>";
		};
		C4E41BAF1E5784D900288648 /* Storyboards */ = {
			isa = PBXGroup;
			children = (
				C445CC8D1E01BDD7005A0825 /* LaunchScreen.storyboard */,
				C445CC881E01BDD7005A0825 /* Main.storyboard */,
			);
			name = Storyboards;
			sourceTree = "<group>";
		};
		C4E41BB01E57853600288648 /* Cells */ = {
			isa = PBXGroup;
			children = (
				C4E41BB11E57857B00288648 /* DateCollectionViewCell.h */,
				C4E41BB21E57857B00288648 /* DateCollectionViewCell.m */,
				C4EB6C831E69F8F900FF3A27 /* TaskTableViewCell.h */,
				C4EB6C841E69F8F900FF3A27 /* TaskTableViewCell.m */,
			);
			name = Cells;
			sourceTree = "<group>";
		};
/* End PBXGroup section */

/* Begin PBXNativeTarget section */
		C445CC7B1E01BDD7005A0825 /* ToDo */ = {
			isa = PBXNativeTarget;
			buildConfigurationList = C445CC931E01BDD7005A0825 /* Build configuration list for PBXNativeTarget "ToDo" */;
			buildPhases = (
				C445CC781E01BDD7005A0825 /* Sources */,
				C445CC791E01BDD7005A0825 /* Frameworks */,
				C445CC7A1E01BDD7005A0825 /* Resources */,
			);
			buildRules = (
			);
			dependencies = (
			);
			name = ToDo;
			productName = ToDo;
			productReference = C445CC7C1E01BDD7005A0825 /* ToDo.app */;
			productType = "com.apple.product-type.application";
		};
/* End PBXNativeTarget section */

/* Begin PBXProject section */
		C445CC741E01BDD7005A0825 /* Project object */ = {
			isa = PBXProject;
			attributes = {
				LastUpgradeCheck = 0820;
				ORGANIZATIONNAME = "Djuro Alfirevic";
				TargetAttributes = {
					C445CC7B1E01BDD7005A0825 = {
						CreatedOnToolsVersion = 8.2;
						ProvisioningStyle = Automatic;
						SystemCapabilities = {
							com.apple.Maps.iOS = {
								enabled = 1;
							};
						};
					};
				};
			};
			buildConfigurationList = C445CC771E01BDD7005A0825 /* Build configuration list for PBXProject "ToDo" */;
			compatibilityVersion = "Xcode 3.2";
			developmentRegion = English;
			hasScannedForEncodings = 0;
			knownRegions = (
				en,
				Base,
			);
			mainGroup = C445CC731E01BDD7005A0825;
			productRefGroup = C445CC7D1E01BDD7005A0825 /* Products */;
			projectDirPath = "";
			projectRoot = "";
			targets = (
				C445CC7B1E01BDD7005A0825 /* ToDo */,
			);
		};
/* End PBXProject section */

/* Begin PBXResourcesBuildPhase section */
		C445CC7A1E01BDD7005A0825 /* Resources */ = {
			isa = PBXResourcesBuildPhase;
			buildActionMask = 2147483647;
			files = (
				C4BECFAB1E6189F000E44C88 /* Sistemi, Serbia.gpx in Resources */,
				C445CC8F1E01BDD7005A0825 /* LaunchScreen.storyboard in Resources */,
				C445CC8C1E01BDD7005A0825 /* Assets.xcassets in Resources */,
				C445CC8A1E01BDD7005A0825 /* Main.storyboard in Resources */,
			);
			runOnlyForDeploymentPostprocessing = 0;
		};
/* End PBXResourcesBuildPhase section */

/* Begin PBXSourcesBuildPhase section */
		C445CC781E01BDD7005A0825 /* Sources */ = {
			isa = PBXSourcesBuildPhase;
			buildActionMask = 2147483647;
			files = (
				C4B190111E674DA4000DD274 /* User.m in Sources */,
				C445CC841E01BDD7005A0825 /* AppDelegate.m in Sources */,
				C466A0B31E5E1E1300B05805 /* TaskViewController.m in Sources */,
				C4E41BB31E57857B00288648 /* DateCollectionViewCell.m in Sources */,
				C445CC811E01BDD7005A0825 /* main.m in Sources */,
				C49581C21E16D11500B75E1D /* SignUpViewController.m in Sources */,
				C444170B1E54C54800A0D3BE /* Helpers.m in Sources */,
				C436DC5F1E6A02DE0090454C /* DBTask+Utilities.m in Sources */,
				C47366CD1E4F0FB0003B50E0 /* HomeViewController.m in Sources */,
				C45378591E708FFD00FED9FC /* UIViewController+Utilities.m in Sources */,
				C4BECFA91E61832600E44C88 /* DataManager.m in Sources */,
				C4EB6C851E69F8F900FF3A27 /* TaskTableViewCell.m in Sources */,
				C4EB6C541E69E56B00FF3A27 /* ToDo.xcdatamodeld in Sources */,
				C445CC981E01CA84005A0825 /* LoginViewController.m in Sources */,
			);
			runOnlyForDeploymentPostprocessing = 0;
		};
/* End PBXSourcesBuildPhase section */

/* Begin PBXVariantGroup section */
		C445CC881E01BDD7005A0825 /* Main.storyboard */ = {
			isa = PBXVariantGroup;
			children = (
				C445CC891E01BDD7005A0825 /* Base */,
			);
			name = Main.storyboard;
			sourceTree = "<group>";
		};
		C445CC8D1E01BDD7005A0825 /* LaunchScreen.storyboard */ = {
			isa = PBXVariantGroup;
			children = (
				C445CC8E1E01BDD7005A0825 /* Base */,
			);
			name = LaunchScreen.storyboard;
			sourceTree = "<group>";
		};
/* End PBXVariantGroup section */

/* Begin XCBuildConfiguration section */
		C445CC911E01BDD7005A0825 /* Debug */ = {
			isa = XCBuildConfiguration;
			buildSettings = {
				ALWAYS_SEARCH_USER_PATHS = NO;
				CLANG_ANALYZER_NONNULL = YES;
				CLANG_CXX_LANGUAGE_STANDARD = "gnu++0x";
				CLANG_CXX_LIBRARY = "libc++";
				CLANG_ENABLE_MODULES = YES;
				CLANG_ENABLE_OBJC_ARC = YES;
				CLANG_WARN_BOOL_CONVERSION = YES;
				CLANG_WARN_CONSTANT_CONVERSION = YES;
				CLANG_WARN_DIRECT_OBJC_ISA_USAGE = YES_ERROR;
				CLANG_WARN_DOCUMENTATION_COMMENTS = YES;
				CLANG_WARN_EMPTY_BODY = YES;
				CLANG_WARN_ENUM_CONVERSION = YES;
				CLANG_WARN_INFINITE_RECURSION = YES;
				CLANG_WARN_INT_CONVERSION = YES;
				CLANG_WARN_OBJC_ROOT_CLASS = YES_ERROR;
				CLANG_WARN_SUSPICIOUS_MOVE = YES;
				CLANG_WARN_UNREACHABLE_CODE = YES;
				CLANG_WARN__DUPLICATE_METHOD_MATCH = YES;
				"CODE_SIGN_IDENTITY[sdk=iphoneos*]" = "iPhone Developer";
				COPY_PHASE_STRIP = NO;
				DEBUG_INFORMATION_FORMAT = dwarf;
				ENABLE_STRICT_OBJC_MSGSEND = YES;
				ENABLE_TESTABILITY = YES;
				GCC_C_LANGUAGE_STANDARD = gnu99;
				GCC_DYNAMIC_NO_PIC = NO;
				GCC_NO_COMMON_BLOCKS = YES;
				GCC_OPTIMIZATION_LEVEL = 0;
				GCC_PREPROCESSOR_DEFINITIONS = (
					"DEBUG=1",
					"$(inherited)",
				);
				GCC_WARN_64_TO_32_BIT_CONVERSION = YES;
				GCC_WARN_ABOUT_RETURN_TYPE = YES_ERROR;
				GCC_WARN_UNDECLARED_SELECTOR = YES;
				GCC_WARN_UNINITIALIZED_AUTOS = YES_AGGRESSIVE;
				GCC_WARN_UNUSED_FUNCTION = YES;
				GCC_WARN_UNUSED_VARIABLE = YES;
				IPHONEOS_DEPLOYMENT_TARGET = 10.2;
				MTL_ENABLE_DEBUG_INFO = YES;
				ONLY_ACTIVE_ARCH = YES;
				SDKROOT = iphoneos;
			};
			name = Debug;
		};
		C445CC921E01BDD7005A0825 /* Release */ = {
			isa = XCBuildConfiguration;
			buildSettings = {
				ALWAYS_SEARCH_USER_PATHS = NO;
				CLANG_ANALYZER_NONNULL = YES;
				CLANG_CXX_LANGUAGE_STANDARD = "gnu++0x";
				CLANG_CXX_LIBRARY = "libc++";
				CLANG_ENABLE_MODULES = YES;
				CLANG_ENABLE_OBJC_ARC = YES;
				CLANG_WARN_BOOL_CONVERSION = YES;
				CLANG_WARN_CONSTANT_CONVERSION = YES;
				CLANG_WARN_DIRECT_OBJC_ISA_USAGE = YES_ERROR;
				CLANG_WARN_DOCUMENTATION_COMMENTS = YES;
				CLANG_WARN_EMPTY_BODY = YES;
				CLANG_WARN_ENUM_CONVERSION = YES;
				CLANG_WARN_INFINITE_RECURSION = YES;
				CLANG_WARN_INT_CONVERSION = YES;
				CLANG_WARN_OBJC_ROOT_CLASS = YES_ERROR;
				CLANG_WARN_SUSPICIOUS_MOVE = YES;
				CLANG_WARN_UNREACHABLE_CODE = YES;
				CLANG_WARN__DUPLICATE_METHOD_MATCH = YES;
				"CODE_SIGN_IDENTITY[sdk=iphoneos*]" = "iPhone Developer";
				COPY_PHASE_STRIP = NO;
				DEBUG_INFORMATION_FORMAT = "dwarf-with-dsym";
				ENABLE_NS_ASSERTIONS = NO;
				ENABLE_STRICT_OBJC_MSGSEND = YES;
				GCC_C_LANGUAGE_STANDARD = gnu99;
				GCC_NO_COMMON_BLOCKS = YES;
				GCC_WARN_64_TO_32_BIT_CONVERSION = YES;
				GCC_WARN_ABOUT_RETURN_TYPE = YES_ERROR;
				GCC_WARN_UNDECLARED_SELECTOR = YES;
				GCC_WARN_UNINITIALIZED_AUTOS = YES_AGGRESSIVE;
				GCC_WARN_UNUSED_FUNCTION = YES;
				GCC_WARN_UNUSED_VARIABLE = YES;
				IPHONEOS_DEPLOYMENT_TARGET = 10.2;
				MTL_ENABLE_DEBUG_INFO = NO;
				SDKROOT = iphoneos;
				VALIDATE_PRODUCT = YES;
			};
			name = Release;
		};
		C445CC941E01BDD7005A0825 /* Debug */ = {
			isa = XCBuildConfiguration;
			buildSettings = {
				ASSETCATALOG_COMPILER_APPICON_NAME = AppIcon;
				ASSETCATALOG_COMPILER_LAUNCHIMAGE_NAME = "Brand Assets";
				GCC_PREFIX_HEADER = $PROJECT_NAME/PrefixHeader.pch;
				INFOPLIST_FILE = ToDo/Info.plist;
				LD_RUNPATH_SEARCH_PATHS = "$(inherited) @executable_path/Frameworks";
				PRODUCT_BUNDLE_IDENTIFIER = rs.sistemi.ToDo;
				PRODUCT_NAME = "$(TARGET_NAME)";
			};
			name = Debug;
		};
		C445CC951E01BDD7005A0825 /* Release */ = {
			isa = XCBuildConfiguration;
			buildSettings = {
				ASSETCATALOG_COMPILER_APPICON_NAME = AppIcon;
				ASSETCATALOG_COMPILER_LAUNCHIMAGE_NAME = "Brand Assets";
				GCC_PREFIX_HEADER = $PROJECT_NAME/PrefixHeader.pch;
				INFOPLIST_FILE = ToDo/Info.plist;
				LD_RUNPATH_SEARCH_PATHS = "$(inherited) @executable_path/Frameworks";
				PRODUCT_BUNDLE_IDENTIFIER = rs.sistemi.ToDo;
				PRODUCT_NAME = "$(TARGET_NAME)";
			};
			name = Release;
		};
/* End XCBuildConfiguration section */

/* Begin XCConfigurationList section */
		C445CC771E01BDD7005A0825 /* Build configuration list for PBXProject "ToDo" */ = {
			isa = XCConfigurationList;
			buildConfigurations = (
				C445CC911E01BDD7005A0825 /* Debug */,
				C445CC921E01BDD7005A0825 /* Release */,
			);
			defaultConfigurationIsVisible = 0;
			defaultConfigurationName = Release;
		};
		C445CC931E01BDD7005A0825 /* Build configuration list for PBXNativeTarget "ToDo" */ = {
			isa = XCConfigurationList;
			buildConfigurations = (
				C445CC941E01BDD7005A0825 /* Debug */,
				C445CC951E01BDD7005A0825 /* Release */,
			);
			defaultConfigurationIsVisible = 0;
			defaultConfigurationName = Release;
		};
/* End XCConfigurationList section */

/* Begin XCVersionGroup section */
		C4EB6C521E69E56B00FF3A27 /* ToDo.xcdatamodeld */ = {
			isa = XCVersionGroup;
			children = (
				C4EB6C531E69E56B00FF3A27 /* ToDo.xcdatamodel */,
			);
			currentVersion = C4EB6C531E69E56B00FF3A27 /* ToDo.xcdatamodel */;
			path = ToDo.xcdatamodeld;
			sourceTree = "<group>";
			versionGroupType = wrapper.xcdatamodel;
		};
/* End XCVersionGroup section */
	};
	rootObject = C445CC741E01BDD7005A0825 /* Project object */;
}
