// !$*UTF8*$!
{
	archiveVersion = 1;
	classes = {
	};
	objectVersion = 46;
	objects = {

/* Begin PBXBuildFile section */
		C45365D11E98D17200482BC9 /* AppDelegate.swift in Sources */ = {isa = PBXBuildFile; fileRef = C45365D01E98D17200482BC9 /* AppDelegate.swift */; };
		C45365D31E98D17200482BC9 /* ViewController.swift in Sources */ = {isa = PBXBuildFile; fileRef = C45365D21E98D17200482BC9 /* ViewController.swift */; };
		C45365D61E98D17200482BC9 /* Main.storyboard in Resources */ = {isa = PBXBuildFile; fileRef = C45365D41E98D17200482BC9 /* Main.storyboard */; };
		C45365D81E98D17200482BC9 /* Assets.xcassets in Resources */ = {isa = PBXBuildFile; fileRef = C45365D71E98D17200482BC9 /* Assets.xcassets */; };
		C45365DB1E98D17200482BC9 /* LaunchScreen.storyboard in Resources */ = {isa = PBXBuildFile; fileRef = C45365D91E98D17200482BC9 /* LaunchScreen.storyboard */; };
		C45365E31E98D1A400482BC9 /* TubikView.swift in Sources */ = {isa = PBXBuildFile; fileRef = C45365E21E98D1A400482BC9 /* TubikView.swift */; };
/* End PBXBuildFile section */

/* Begin PBXFileReference section */
		C45365CD1E98D17200482BC9 /* Tubik.app */ = {isa = PBXFileReference; explicitFileType = wrapper.application; includeInIndex = 0; path = Tubik.app; sourceTree = BUILT_PRODUCTS_DIR; };
		C45365D01E98D17200482BC9 /* AppDelegate.swift */ = {isa = PBXFileReference; lastKnownFileType = sourcecode.swift; path = AppDelegate.swift; sourceTree = "<group>"; };
		C45365D21E98D17200482BC9 /* ViewController.swift */ = {isa = PBXFileReference; lastKnownFileType = sourcecode.swift; path = ViewController.swift; sourceTree = "<group>"; };
		C45365D51E98D17200482BC9 /* Base */ = {isa = PBXFileReference; lastKnownFileType = file.storyboard; name = Base; path = Base.lproj/Main.storyboard; sourceTree = "<group>"; };
		C45365D71E98D17200482BC9 /* Assets.xcassets */ = {isa = PBXFileReference; lastKnownFileType = folder.assetcatalog; path = Assets.xcassets; sourceTree = "<group>"; };
		C45365DA1E98D17200482BC9 /* Base */ = {isa = PBXFileReference; lastKnownFileType = file.storyboard; name = Base; path = Base.lproj/LaunchScreen.storyboard; sourceTree = "<group>"; };
		C45365DC1E98D17200482BC9 /* Info.plist */ = {isa = PBXFileReference; lastKnownFileType = text.plist.xml; path = Info.plist; sourceTree = "<group>"; };
		C45365E21E98D1A400482BC9 /* TubikView.swift */ = {isa = PBXFileReference; fileEncoding = 4; lastKnownFileType = sourcecode.swift; path = TubikView.swift; sourceTree = "<group>"; };
/* End PBXFileReference section */

/* Begin PBXFrameworksBuildPhase section */
		C45365CA1E98D17200482BC9 /* Frameworks */ = {
			isa = PBXFrameworksBuildPhase;
			buildActionMask = 2147483647;
			files = (
			);
			runOnlyForDeploymentPostprocessing = 0;
		};
/* End PBXFrameworksBuildPhase section */

/* Begin PBXGroup section */
		C45365C41E98D17200482BC9 = {
			isa = PBXGroup;
			children = (
				C45365CF1E98D17200482BC9 /* Tubik */,
				C45365CE1E98D17200482BC9 /* Products */,
			);
			sourceTree = "<group>";
		};
		C45365CE1E98D17200482BC9 /* Products */ = {
			isa = PBXGroup;
			children = (
				C45365CD1E98D17200482BC9 /* Tubik.app */,
			);
			name = Products;
			sourceTree = "<group>";
		};
		C45365CF1E98D17200482BC9 /* Tubik */ = {
			isa = PBXGroup;
			children = (
				C45365D01E98D17200482BC9 /* AppDelegate.swift */,
				C45365D21E98D17200482BC9 /* ViewController.swift */,
				C45365E21E98D1A400482BC9 /* TubikView.swift */,
				C45365D41E98D17200482BC9 /* Main.storyboard */,
				C45365D71E98D17200482BC9 /* Assets.xcassets */,
				C45365D91E98D17200482BC9 /* LaunchScreen.storyboard */,
				C45365DC1E98D17200482BC9 /* Info.plist */,
			);
			path = Tubik;
			sourceTree = "<group>";
		};
/* End PBXGroup section */

/* Begin PBXNativeTarget section */
		C45365CC1E98D17200482BC9 /* Tubik */ = {
			isa = PBXNativeTarget;
			buildConfigurationList = C45365DF1E98D17200482BC9 /* Build configuration list for PBXNativeTarget "Tubik" */;
			buildPhases = (
				C45365C91E98D17200482BC9 /* Sources */,
				C45365CA1E98D17200482BC9 /* Frameworks */,
				C45365CB1E98D17200482BC9 /* Resources */,
			);
			buildRules = (
			);
			dependencies = (
			);
			name = Tubik;
			productName = Tubik;
			productReference = C45365CD1E98D17200482BC9 /* Tubik.app */;
			productType = "com.apple.product-type.application";
		};
/* End PBXNativeTarget section */

/* Begin PBXProject section */
		C45365C51E98D17200482BC9 /* Project object */ = {
			isa = PBXProject;
			attributes = {
				LastSwiftUpdateCheck = 0830;
				LastUpgradeCheck = 0830;
				ORGANIZATIONNAME = "Djuro Alfirevic";
				TargetAttributes = {
					C45365CC1E98D17200482BC9 = {
						CreatedOnToolsVersion = 8.3;
						ProvisioningStyle = Automatic;
					};
				};
			};
			buildConfigurationList = C45365C81E98D17200482BC9 /* Build configuration list for PBXProject "Tubik" */;
			compatibilityVersion = "Xcode 3.2";
			developmentRegion = English;
			hasScannedForEncodings = 0;
			knownRegions = (
				en,
				Base,
			);
			mainGroup = C45365C41E98D17200482BC9;
			productRefGroup = C45365CE1E98D17200482BC9 /* Products */;
			projectDirPath = "";
			projectRoot = "";
			targets = (
				C45365CC1E98D17200482BC9 /* Tubik */,
			);
		};
/* End PBXProject section */

/* Begin PBXResourcesBuildPhase section */
		C45365CB1E98D17200482BC9 /* Resources */ = {
			isa = PBXResourcesBuildPhase;
			buildActionMask = 2147483647;
			files = (
				C45365DB1E98D17200482BC9 /* LaunchScreen.storyboard in Resources */,
				C45365D81E98D17200482BC9 /* Assets.xcassets in Resources */,
				C45365D61E98D17200482BC9 /* Main.storyboard in Resources */,
			);
			runOnlyForDeploymentPostprocessing = 0;
		};
/* End PBXResourcesBuildPhase section */

/* Begin PBXSourcesBuildPhase section */
		C45365C91E98D17200482BC9 /* Sources */ = {
			isa = PBXSourcesBuildPhase;
			buildActionMask = 2147483647;
			files = (
				C45365D31E98D17200482BC9 /* ViewController.swift in Sources */,
				C45365D11E98D17200482BC9 /* AppDelegate.swift in Sources */,
				C45365E31E98D1A400482BC9 /* TubikView.swift in Sources */,
			);
			runOnlyForDeploymentPostprocessing = 0;
		};
/* End PBXSourcesBuildPhase section */

/* Begin PBXVariantGroup section */
		C45365D41E98D17200482BC9 /* Main.storyboard */ = {
			isa = PBXVariantGroup;
			children = (
				C45365D51E98D17200482BC9 /* Base */,
			);
			name = Main.storyboard;
			sourceTree = "<group>";
		};
		C45365D91E98D17200482BC9 /* LaunchScreen.storyboard */ = {
			isa = PBXVariantGroup;
			children = (
				C45365DA1E98D17200482BC9 /* Base */,
			);
			name = LaunchScreen.storyboard;
			sourceTree = "<group>";
		};
/* End PBXVariantGroup section */

/* Begin XCBuildConfiguration section */
		C45365DD1E98D17200482BC9 /* Debug */ = {
			isa = XCBuildConfiguration;
			buildSettings = {
				ALWAYS_SEARCH_USER_PATHS = NO;
				CLANG_ANALYZER_NONNULL = YES;
				CLANG_ANALYZER_NUMBER_OBJECT_CONVERSION = YES_AGGRESSIVE;
				CLANG_CXX_LANGUAGE_STANDARD = "gnu++0x";
				CLANG_CXX_LIBRARY = "libc++";
				CLANG_ENABLE_MODULES = YES;
				CLANG_ENABLE_OBJC_ARC = YES;
				CLANG_WARN_BOOL_CONVERSION = YES;
				CLANG_WARN_CONSTANT_CONVERSION = YES;
				CLANG_WARN_DIRECT_OBJC_ISA_USAGE = YES_ERROR;
				CLANG_WARN_DOCUMENTATION_COMMENTS = YES;
				CLANG_WARN_EMPTY_BODY = YES;
				CLANG_WARN_ENUM_CONVERSION = YES;
				CLANG_WARN_INFINITE_RECURSION = YES;
				CLANG_WARN_INT_CONVERSION = YES;
				CLANG_WARN_OBJC_ROOT_CLASS = YES_ERROR;
				CLANG_WARN_SUSPICIOUS_MOVE = YES;
				CLANG_WARN_UNREACHABLE_CODE = YES;
				CLANG_WARN__DUPLICATE_METHOD_MATCH = YES;
				"CODE_SIGN_IDENTITY[sdk=iphoneos*]" = "iPhone Developer";
				COPY_PHASE_STRIP = NO;
				DEBUG_INFORMATION_FORMAT = dwarf;
				ENABLE_STRICT_OBJC_MSGSEND = YES;
				ENABLE_TESTABILITY = YES;
				GCC_C_LANGUAGE_STANDARD = gnu99;
				GCC_DYNAMIC_NO_PIC = NO;
				GCC_NO_COMMON_BLOCKS = YES;
				GCC_OPTIMIZATION_LEVEL = 0;
				GCC_PREPROCESSOR_DEFINITIONS = (
					"DEBUG=1",
					"$(inherited)",
				);
				GCC_WARN_64_TO_32_BIT_CONVERSION = YES;
				GCC_WARN_ABOUT_RETURN_TYPE = YES_ERROR;
				GCC_WARN_UNDECLARED_SELECTOR = YES;
				GCC_WARN_UNINITIALIZED_AUTOS = YES_AGGRESSIVE;
				GCC_WARN_UNUSED_FUNCTION = YES;
				GCC_WARN_UNUSED_VARIABLE = YES;
				IPHONEOS_DEPLOYMENT_TARGET = 10.3;
				MTL_ENABLE_DEBUG_INFO = YES;
				ONLY_ACTIVE_ARCH = YES;
				SDKROOT = iphoneos;
				SWIFT_ACTIVE_COMPILATION_CONDITIONS = DEBUG;
				SWIFT_OPTIMIZATION_LEVEL = "-Onone";
				TARGETED_DEVICE_FAMILY = "1,2";
			};
			name = Debug;
		};
		C45365DE1E98D17200482BC9 /* Release */ = {
			isa = XCBuildConfiguration;
			buildSettings = {
				ALWAYS_SEARCH_USER_PATHS = NO;
				CLANG_ANALYZER_NONNULL = YES;
				CLANG_ANALYZER_NUMBER_OBJECT_CONVERSION = YES_AGGRESSIVE;
				CLANG_CXX_LANGUAGE_STANDARD = "gnu++0x";
				CLANG_CXX_LIBRARY = "libc++";
				CLANG_ENABLE_MODULES = YES;
				CLANG_ENABLE_OBJC_ARC = YES;
				CLANG_WARN_BOOL_CONVERSION = YES;
				CLANG_WARN_CONSTANT_CONVERSION = YES;
				CLANG_WARN_DIRECT_OBJC_ISA_USAGE = YES_ERROR;
				CLANG_WARN_DOCUMENTATION_COMMENTS = YES;
				CLANG_WARN_EMPTY_BODY = YES;
				CLANG_WARN_ENUM_CONVERSION = YES;
				CLANG_WARN_INFINITE_RECURSION = YES;
				CLANG_WARN_INT_CONVERSION = YES;
				CLANG_WARN_OBJC_ROOT_CLASS = YES_ERROR;
				CLANG_WARN_SUSPICIOUS_MOVE = YES;
				CLANG_WARN_UNREACHABLE_CODE = YES;
				CLANG_WARN__DUPLICATE_METHOD_MATCH = YES;
				"CODE_SIGN_IDENTITY[sdk=iphoneos*]" = "iPhone Developer";
				COPY_PHASE_STRIP = NO;
				DEBUG_INFORMATION_FORMAT = "dwarf-with-dsym";
				ENABLE_NS_ASSERTIONS = NO;
				ENABLE_STRICT_OBJC_MSGSEND = YES;
				GCC_C_LANGUAGE_STANDARD = gnu99;
				GCC_NO_COMMON_BLOCKS = YES;
				GCC_WARN_64_TO_32_BIT_CONVERSION = YES;
				GCC_WARN_ABOUT_RETURN_TYPE = YES_ERROR;
				GCC_WARN_UNDECLARED_SELECTOR = YES;
				GCC_WARN_UNINITIALIZED_AUTOS = YES_AGGRESSIVE;
				GCC_WARN_UNUSED_FUNCTION = YES;
				GCC_WARN_UNUSED_VARIABLE = YES;
				IPHONEOS_DEPLOYMENT_TARGET = 10.3;
				MTL_ENABLE_DEBUG_INFO = NO;
				SDKROOT = iphoneos;
				SWIFT_OPTIMIZATION_LEVEL = "-Owholemodule";
				TARGETED_DEVICE_FAMILY = "1,2";
				VALIDATE_PRODUCT = YES;
			};
			name = Release;
		};
		C45365E01E98D17200482BC9 /* Debug */ = {
			isa = XCBuildConfiguration;
			buildSettings = {
				ASSETCATALOG_COMPILER_APPICON_NAME = AppIcon;
				INFOPLIST_FILE = Tubik/Info.plist;
				LD_RUNPATH_SEARCH_PATHS = "$(inherited) @executable_path/Frameworks";
				PRODUCT_BUNDLE_IDENTIFIER = rs.sistemi.Tubik;
				PRODUCT_NAME = "$(TARGET_NAME)";
				SWIFT_VERSION = 3.0;
			};
			name = Debug;
		};
		C45365E11E98D17200482BC9 /* Release */ = {
			isa = XCBuildConfiguration;
			buildSettings = {
				ASSETCATALOG_COMPILER_APPICON_NAME = AppIcon;
				INFOPLIST_FILE = Tubik/Info.plist;
				LD_RUNPATH_SEARCH_PATHS = "$(inherited) @executable_path/Frameworks";
				PRODUCT_BUNDLE_IDENTIFIER = rs.sistemi.Tubik;
				PRODUCT_NAME = "$(TARGET_NAME)";
				SWIFT_VERSION = 3.0;
			};
			name = Release;
		};
/* End XCBuildConfiguration section */

/* Begin XCConfigurationList section */
		C45365C81E98D17200482BC9 /* Build configuration list for PBXProject "Tubik" */ = {
			isa = XCConfigurationList;
			buildConfigurations = (
				C45365DD1E98D17200482BC9 /* Debug */,
				C45365DE1E98D17200482BC9 /* Release */,
			);
			defaultConfigurationIsVisible = 0;
			defaultConfigurationName = Release;
		};
		C45365DF1E98D17200482BC9 /* Build configuration list for PBXNativeTarget "Tubik" */ = {
			isa = XCConfigurationList;
			buildConfigurations = (
				C45365E01E98D17200482BC9 /* Debug */,
				C45365E11E98D17200482BC9 /* Release */,
			);
			defaultConfigurationIsVisible = 0;
		};
/* End XCConfigurationList section */
	};
	rootObject = C45365C51E98D17200482BC9 /* Project object */;
}
